
Microsoft Visual Studio Solution File, Format Version 12.00
# Visual Studio 2012
Project("{FAE04EC0-301F-11D3-BF4B-00C04F79EFBC}") = "testAplication", "testAplication\testAplication.csproj", "{50C9C729-7BBE-42DF-8DC0-2BC95028F9C9}"
EndProject
Global
	GlobalSection(SolutionConfigurationPlatforms) = preSolution
		Debug|Any CPU = Debug|Any CPU
		Release|Any CPU = Release|Any CPU
	EndGlobalSection
	GlobalSection(ProjectConfigurationPlatforms) = postSolution
		{50C9C729-7BBE-42DF-8DC0-2BC95028F9C9}.Debug|Any CPU.ActiveCfg = Debug|Any CPU
		{50C9C729-7BBE-42DF-8DC0-2BC95028F9C9}.Debug|Any CPU.Build.0 = Debug|Any CPU
		{50C9C729-7BBE-42DF-8DC0-2BC95028F9C9}.Release|Any CPU.ActiveCfg = Release|Any CPU
		{50C9C729-7BBE-42DF-8DC0-2BC95028F9C9}.Release|Any CPU.Build.0 = Release|Any CPU
	EndGlobalSection
	GlobalSection(SolutionProperties) = preSolution
		HideSolutionNode = FALSE
	EndGlobalSection
EndGlobal
